
Microsoft Visual Studio Solution File, Format Version 12.00
# Visual Studio Version 17
VisualStudioVersion = 17.13.35825.156 d17.13
MinimumVisualStudioVersion = 10.0.40219.1
Project("{FAE04EC0-301F-11D3-BF4B-00C04F79EFBC}") = "EmployeeApi", "EmployeeApi.csproj", "{0D393831-5618-4C30-8D9F-027D6951983F}"
EndProject
Global
	GlobalSection(SolutionConfigurationPlatforms) = preSolution
		Debug|Any CPU = Debug|Any CPU
		Release|Any CPU = Release|Any CPU
	EndGlobalSection
	GlobalSection(ProjectConfigurationPlatforms) = postSolution
		{0D393831-5618-4C30-8D9F-027D6951983F}.Debug|Any CPU.ActiveCfg = Debug|Any CPU
		{0D393831-5618-4C30-8D9F-027D6951983F}.Debug|Any CPU.Build.0 = Debug|Any CPU
		{0D393831-5618-4C30-8D9F-027D6951983F}.Release|Any CPU.ActiveCfg = Release|Any CPU
		{0D393831-5618-4C30-8D9F-027D6951983F}.Release|Any CPU.Build.0 = Release|Any CPU
	EndGlobalSection
	GlobalSection(SolutionProperties) = preSolution
		HideSolutionNode = FALSE
	EndGlobalSection
	GlobalSection(ExtensibilityGlobals) = postSolution
		SolutionGuid = {BD541288-04BB-470E-950B-59FC78D5EA30}
	EndGlobalSection
EndGlobal
